
Microsoft Visual Studio Solution File, Format Version 12.00
# Visual Studio Version 16
VisualStudioVersion = 16.0.35026.282
MinimumVisualStudioVersion = 10.0.40219.1
Project("{FAE04EC0-301F-11D3-BF4B-00C04F79EFBC}") = "User_Management", "User_Management.csproj", "{AE687D3C-4135-4DAE-B53D-53A80A0F90D3}"
EndProject
Global
	GlobalSection(SolutionConfigurationPlatforms) = preSolution
		Debug|Any CPU = Debug|Any CPU
		Release|Any CPU = Release|Any CPU
	EndGlobalSection
	GlobalSection(ProjectConfigurationPlatforms) = postSolution
		{AE687D3C-4135-4DAE-B53D-53A80A0F90D3}.Debug|Any CPU.ActiveCfg = Debug|Any CPU
		{AE687D3C-4135-4DAE-B53D-53A80A0F90D3}.Debug|Any CPU.Build.0 = Debug|Any CPU
		{AE687D3C-4135-4DAE-B53D-53A80A0F90D3}.Release|Any CPU.ActiveCfg = Release|Any CPU
		{AE687D3C-4135-4DAE-B53D-53A80A0F90D3}.Release|Any CPU.Build.0 = Release|Any CPU
	EndGlobalSection
	GlobalSection(SolutionProperties) = preSolution
		HideSolutionNode = FALSE
	EndGlobalSection
	GlobalSection(ExtensibilityGlobals) = postSolution
		SolutionGuid = {A9E3731B-C98B-4D28-B0C3-B35840BBBA9A}
	EndGlobalSection
EndGlobal
